
Microsoft Visual Studio Solution File, Format Version 12.00
# Visual Studio Version 17
VisualStudioVersion = 17.12.35527.113
MinimumVisualStudioVersion = 10.0.40219.1
Project("{2150E333-8FDC-42A3-9474-1A3956D46DE8}") = "src", "src", "{1193AE6D-75CF-4BDF-BAED-F2AB054463AE}"
EndProject
Project("{2150E333-8FDC-42A3-9474-1A3956D46DE8}") = "Core", "Core", "{AF3C7EDD-D8B2-471D-992F-5B247E5A874E}"
EndProject
Project("{FAE04EC0-301F-11D3-BF4B-00C04F79EFBC}") = "OnionArcApp.Domain", "src\Core\OnionArcApp.Domain\OnionArcApp.Domain.csproj", "{E497A440-640A-4EF5-83DE-561358DD8B55}"
EndProject
Project("{FAE04EC0-301F-11D3-BF4B-00C04F79EFBC}") = "OnionArcApp.Application", "src\Core\OnionArcApp.Application\OnionArcApp.Application.csproj", "{74A5F6D1-2EB3-43CF-A40F-786708AC5B93}"
EndProject
Project("{2150E333-8FDC-42A3-9474-1A3956D46DE8}") = "Infrastructure", "Infrastructure", "{847290B5-C494-4552-8AED-C44177C4ADB0}"
EndProject
Project("{FAE04EC0-301F-11D3-BF4B-00C04F79EFBC}") = "OnionArcApp.Persistence", "src\Infrastructure\OnionArcApp.Persistence\OnionArcApp.Persistence.csproj", "{7BE4F829-4ECE-469E-B30A-E8AC7DE6A827}"
EndProject
Project("{2150E333-8FDC-42A3-9474-1A3956D46DE8}") = "WebApi", "WebApi", "{C4649472-9B74-49CB-9674-19F65293A603}"
EndProject
Project("{FAE04EC0-301F-11D3-BF4B-00C04F79EFBC}") = "OnionArcApp.WebApi", "src\WebApi\OnionArcApp.WebApi\OnionArcApp.WebApi.csproj", "{0AE598B1-C2C2-4507-BC0E-4115B4B5EFE5}"
EndProject
Project("{FAE04EC0-301F-11D3-BF4B-00C04F79EFBC}") = "OnionArcApp.Infrastructure", "src\Infrastructure\OnionArcApp.Infrastructure\OnionArcApp.Infrastructure.csproj", "{6D205567-A6C9-4695-98C1-D9C1F659E15F}"
EndProject
Global
	GlobalSection(SolutionConfigurationPlatforms) = preSolution
		Debug|Any CPU = Debug|Any CPU
		Release|Any CPU = Release|Any CPU
	EndGlobalSection
	GlobalSection(ProjectConfigurationPlatforms) = postSolution
		{E497A440-640A-4EF5-83DE-561358DD8B55}.Debug|Any CPU.ActiveCfg = Debug|Any CPU
		{E497A440-640A-4EF5-83DE-561358DD8B55}.Debug|Any CPU.Build.0 = Debug|Any CPU
		{E497A440-640A-4EF5-83DE-561358DD8B55}.Release|Any CPU.ActiveCfg = Release|Any CPU
		{E497A440-640A-4EF5-83DE-561358DD8B55}.Release|Any CPU.Build.0 = Release|Any CPU
		{74A5F6D1-2EB3-43CF-A40F-786708AC5B93}.Debug|Any CPU.ActiveCfg = Debug|Any CPU
		{74A5F6D1-2EB3-43CF-A40F-786708AC5B93}.Debug|Any CPU.Build.0 = Debug|Any CPU
		{74A5F6D1-2EB3-43CF-A40F-786708AC5B93}.Release|Any CPU.ActiveCfg = Release|Any CPU
		{74A5F6D1-2EB3-43CF-A40F-786708AC5B93}.Release|Any CPU.Build.0 = Release|Any CPU
		{7BE4F829-4ECE-469E-B30A-E8AC7DE6A827}.Debug|Any CPU.ActiveCfg = Debug|Any CPU
		{7BE4F829-4ECE-469E-B30A-E8AC7DE6A827}.Debug|Any CPU.Build.0 = Debug|Any CPU
		{7BE4F829-4ECE-469E-B30A-E8AC7DE6A827}.Release|Any CPU.ActiveCfg = Release|Any CPU
		{7BE4F829-4ECE-469E-B30A-E8AC7DE6A827}.Release|Any CPU.Build.0 = Release|Any CPU
		{0AE598B1-C2C2-4507-BC0E-4115B4B5EFE5}.Debug|Any CPU.ActiveCfg = Debug|Any CPU
		{0AE598B1-C2C2-4507-BC0E-4115B4B5EFE5}.Debug|Any CPU.Build.0 = Debug|Any CPU
		{0AE598B1-C2C2-4507-BC0E-4115B4B5EFE5}.Release|Any CPU.ActiveCfg = Release|Any CPU
		{0AE598B1-C2C2-4507-BC0E-4115B4B5EFE5}.Release|Any CPU.Build.0 = Release|Any CPU
		{6D205567-A6C9-4695-98C1-D9C1F659E15F}.Debug|Any CPU.ActiveCfg = Debug|Any CPU
		{6D205567-A6C9-4695-98C1-D9C1F659E15F}.Debug|Any CPU.Build.0 = Debug|Any CPU
		{6D205567-A6C9-4695-98C1-D9C1F659E15F}.Release|Any CPU.ActiveCfg = Release|Any CPU
		{6D205567-A6C9-4695-98C1-D9C1F659E15F}.Release|Any CPU.Build.0 = Release|Any CPU
	EndGlobalSection
	GlobalSection(SolutionProperties) = preSolution
		HideSolutionNode = FALSE
	EndGlobalSection
	GlobalSection(NestedProjects) = preSolution
		{AF3C7EDD-D8B2-471D-992F-5B247E5A874E} = {1193AE6D-75CF-4BDF-BAED-F2AB054463AE}
		{E497A440-640A-4EF5-83DE-561358DD8B55} = {AF3C7EDD-D8B2-471D-992F-5B247E5A874E}
		{74A5F6D1-2EB3-43CF-A40F-786708AC5B93} = {AF3C7EDD-D8B2-471D-992F-5B247E5A874E}
		{847290B5-C494-4552-8AED-C44177C4ADB0} = {1193AE6D-75CF-4BDF-BAED-F2AB054463AE}
		{7BE4F829-4ECE-469E-B30A-E8AC7DE6A827} = {847290B5-C494-4552-8AED-C44177C4ADB0}
		{C4649472-9B74-49CB-9674-19F65293A603} = {1193AE6D-75CF-4BDF-BAED-F2AB054463AE}
		{0AE598B1-C2C2-4507-BC0E-4115B4B5EFE5} = {C4649472-9B74-49CB-9674-19F65293A603}
		{6D205567-A6C9-4695-98C1-D9C1F659E15F} = {847290B5-C494-4552-8AED-C44177C4ADB0}
	EndGlobalSection
EndGlobal
